Microsoft Visual Studio Solution File, Format Version 12.00
# Visual Studio Version 17
VisualStudioVersion = 17.5.2.0
MinimumVisualStudioVersion = 10.0.40219.1
Project("{FAE04EC0-301F-11D3-BF4B-00C04F79EFBC}") = "TitheTaxMod", "TitheTaxMod.csproj", "{29BDC8CE-3A01-9008-A163-B4FA9CE3103A}"
EndProject
Global
	GlobalSection(SolutionConfigurationPlatforms) = preSolution
		Debug|Any CPU = Debug|Any CPU
		Release|Any CPU = Release|Any CPU
	EndGlobalSection
	GlobalSection(ProjectConfigurationPlatforms) = postSolution
		{29BDC8CE-3A01-9008-A163-B4FA9CE3103A}.Debug|Any CPU.ActiveCfg = Debug|Any CPU
		{29BDC8CE-3A01-9008-A163-B4FA9CE3103A}.Debug|Any CPU.Build.0 = Debug|Any CPU
		{29BDC8CE-3A01-9008-A163-B4FA9CE3103A}.Release|Any CPU.ActiveCfg = Release|Any CPU
		{29BDC8CE-3A01-9008-A163-B4FA9CE3103A}.Release|Any CPU.Build.0 = Release|Any CPU
	EndGlobalSection
	GlobalSection(SolutionProperties) = preSolution
		HideSolutionNode = FALSE
	EndGlobalSection
	GlobalSection(ExtensibilityGlobals) = postSolution
		SolutionGuid = {1338A801-8612-4D29-89A7-022DDF6C0047}
	EndGlobalSection
EndGlobal
